
Microsoft Visual Studio Solution File, Format Version 12.00
# Visual Studio Version 17
VisualStudioVersion = 17.6.33815.320
MinimumVisualStudioVersion = 10.0.40219.1
Project("{FAE04EC0-301F-11D3-BF4B-00C04F79EFBC}") = "01BlackFlag", "01BlackFlag\01BlackFlag.csproj", "{4FADE1F4-0C46-4A87-B084-CB2B6E6173D1}"
EndProject
Project("{FAE04EC0-301F-11D3-BF4B-00C04F79EFBC}") = "02TreasureHunt", "02TreasureHunt\02TreasureHunt.csproj", "{8E42B359-A9CC-497C-83CE-7C21C7864233}"
EndProject
Project("{FAE04EC0-301F-11D3-BF4B-00C04F79EFBC}") = "03ManOWar", "03ManOWar\03ManOWar.csproj", "{84DFFD5F-E8D9-4301-88E6-F3AD44D223E0}"
EndProject
Global
	GlobalSection(SolutionConfigurationPlatforms) = preSolution
		Debug|Any CPU = Debug|Any CPU
		Release|Any CPU = Release|Any CPU
	EndGlobalSection
	GlobalSection(ProjectConfigurationPlatforms) = postSolution
		{4FADE1F4-0C46-4A87-B084-CB2B6E6173D1}.Debug|Any CPU.ActiveCfg = Debug|Any CPU
		{4FADE1F4-0C46-4A87-B084-CB2B6E6173D1}.Debug|Any CPU.Build.0 = Debug|Any CPU
		{4FADE1F4-0C46-4A87-B084-CB2B6E6173D1}.Release|Any CPU.ActiveCfg = Release|Any CPU
		{4FADE1F4-0C46-4A87-B084-CB2B6E6173D1}.Release|Any CPU.Build.0 = Release|Any CPU
		{8E42B359-A9CC-497C-83CE-7C21C7864233}.Debug|Any CPU.ActiveCfg = Debug|Any CPU
		{8E42B359-A9CC-497C-83CE-7C21C7864233}.Debug|Any CPU.Build.0 = Debug|Any CPU
		{8E42B359-A9CC-497C-83CE-7C21C7864233}.Release|Any CPU.ActiveCfg = Release|Any CPU
		{8E42B359-A9CC-497C-83CE-7C21C7864233}.Release|Any CPU.Build.0 = Release|Any CPU
		{84DFFD5F-E8D9-4301-88E6-F3AD44D223E0}.Debug|Any CPU.ActiveCfg = Debug|Any CPU
		{84DFFD5F-E8D9-4301-88E6-F3AD44D223E0}.Debug|Any CPU.Build.0 = Debug|Any CPU
		{84DFFD5F-E8D9-4301-88E6-F3AD44D223E0}.Release|Any CPU.ActiveCfg = Release|Any CPU
		{84DFFD5F-E8D9-4301-88E6-F3AD44D223E0}.Release|Any CPU.Build.0 = Release|Any CPU
	EndGlobalSection
	GlobalSection(SolutionProperties) = preSolution
		HideSolutionNode = FALSE
	EndGlobalSection
	GlobalSection(ExtensibilityGlobals) = postSolution
		SolutionGuid = {85A78223-7C86-4FCF-82FE-9BDCBCC37D63}
	EndGlobalSection
EndGlobal
