
Microsoft Visual Studio Solution File, Format Version 12.00
# Visual Studio Version 17
VisualStudioVersion = 17.6.33815.320
MinimumVisualStudioVersion = 10.0.40219.1
Project("{FAE04EC0-301F-11D3-BF4B-00C04F79EFBC}") = "01SortEvenNumbers", "01SortEvenNumbers\01SortEvenNumbers.csproj", "{B1CF586E-5FD6-417F-B9B4-CF41BB2840BE}"
EndProject
Project("{FAE04EC0-301F-11D3-BF4B-00C04F79EFBC}") = "02SumNumbers", "02SumNumbers\02SumNumbers.csproj", "{31014BE5-0834-48F0-BF67-FCBB2A1BF804}"
EndProject
Project("{FAE04EC0-301F-11D3-BF4B-00C04F79EFBC}") = "03CountUppercaseWords", "03CountUppercaseWords\03CountUppercaseWords.csproj", "{F98C9060-2AC0-4B58-977F-BE115067E9BC}"
EndProject
Project("{FAE04EC0-301F-11D3-BF4B-00C04F79EFBC}") = "04AddVAT", "04AddVAT\04AddVAT.csproj", "{240B2A2E-EEFE-4E88-A9CC-BCD62F7344BC}"
EndProject
Project("{FAE04EC0-301F-11D3-BF4B-00C04F79EFBC}") = "05FilterByAge", "05FilterByAge\05FilterByAge.csproj", "{FB612E5F-F0CA-4A2B-932F-E342114B0A57}"
EndProject
Global
	GlobalSection(SolutionConfigurationPlatforms) = preSolution
		Debug|Any CPU = Debug|Any CPU
		Release|Any CPU = Release|Any CPU
	EndGlobalSection
	GlobalSection(ProjectConfigurationPlatforms) = postSolution
		{B1CF586E-5FD6-417F-B9B4-CF41BB2840BE}.Debug|Any CPU.ActiveCfg = Debug|Any CPU
		{B1CF586E-5FD6-417F-B9B4-CF41BB2840BE}.Debug|Any CPU.Build.0 = Debug|Any CPU
		{B1CF586E-5FD6-417F-B9B4-CF41BB2840BE}.Release|Any CPU.ActiveCfg = Release|Any CPU
		{B1CF586E-5FD6-417F-B9B4-CF41BB2840BE}.Release|Any CPU.Build.0 = Release|Any CPU
		{31014BE5-0834-48F0-BF67-FCBB2A1BF804}.Debug|Any CPU.ActiveCfg = Debug|Any CPU
		{31014BE5-0834-48F0-BF67-FCBB2A1BF804}.Debug|Any CPU.Build.0 = Debug|Any CPU
		{31014BE5-0834-48F0-BF67-FCBB2A1BF804}.Release|Any CPU.ActiveCfg = Release|Any CPU
		{31014BE5-0834-48F0-BF67-FCBB2A1BF804}.Release|Any CPU.Build.0 = Release|Any CPU
		{F98C9060-2AC0-4B58-977F-BE115067E9BC}.Debug|Any CPU.ActiveCfg = Debug|Any CPU
		{F98C9060-2AC0-4B58-977F-BE115067E9BC}.Debug|Any CPU.Build.0 = Debug|Any CPU
		{F98C9060-2AC0-4B58-977F-BE115067E9BC}.Release|Any CPU.ActiveCfg = Release|Any CPU
		{F98C9060-2AC0-4B58-977F-BE115067E9BC}.Release|Any CPU.Build.0 = Release|Any CPU
		{240B2A2E-EEFE-4E88-A9CC-BCD62F7344BC}.Debug|Any CPU.ActiveCfg = Debug|Any CPU
		{240B2A2E-EEFE-4E88-A9CC-BCD62F7344BC}.Debug|Any CPU.Build.0 = Debug|Any CPU
		{240B2A2E-EEFE-4E88-A9CC-BCD62F7344BC}.Release|Any CPU.ActiveCfg = Release|Any CPU
		{240B2A2E-EEFE-4E88-A9CC-BCD62F7344BC}.Release|Any CPU.Build.0 = Release|Any CPU
		{FB612E5F-F0CA-4A2B-932F-E342114B0A57}.Debug|Any CPU.ActiveCfg = Debug|Any CPU
		{FB612E5F-F0CA-4A2B-932F-E342114B0A57}.Debug|Any CPU.Build.0 = Debug|Any CPU
		{FB612E5F-F0CA-4A2B-932F-E342114B0A57}.Release|Any CPU.ActiveCfg = Release|Any CPU
		{FB612E5F-F0CA-4A2B-932F-E342114B0A57}.Release|Any CPU.Build.0 = Release|Any CPU
	EndGlobalSection
	GlobalSection(SolutionProperties) = preSolution
		HideSolutionNode = FALSE
	EndGlobalSection
	GlobalSection(ExtensibilityGlobals) = postSolution
		SolutionGuid = {17DC5BF8-0AB7-4077-B623-D17EC92146D5}
	EndGlobalSection
EndGlobal
