
Microsoft Visual Studio Solution File, Format Version 12.00
# Visual Studio Version 17
VisualStudioVersion = 17.6.33815.320
MinimumVisualStudioVersion = 10.0.40219.1
Project("{9A19103F-16F7-4668-BE54-9A1E7A4F7556}") = "01CompanyRoster", "01CompanyRoster\01CompanyRoster.csproj", "{24C5DA77-DBAB-4579-B51F-6677CE6E85EB}"
EndProject
Project("{9A19103F-16F7-4668-BE54-9A1E7A4F7556}") = "02OldestFamilyMember", "02OldestFamilyMember\02OldestFamilyMember.csproj", "{A229DBB0-B6ED-46BA-A657-8C5AFFDDFAC8}"
EndProject
Project("{9A19103F-16F7-4668-BE54-9A1E7A4F7556}") = "03SpeedRacing", "03SpeedRacing\03SpeedRacing.csproj", "{2B67FEF6-EA6E-408C-8A59-8FD8A2EEA610}"
EndProject
Project("{9A19103F-16F7-4668-BE54-9A1E7A4F7556}") = "04RawData", "04RawData\04RawData.csproj", "{EE35B603-BEDA-4A26-AE38-7A908731296D}"
EndProject
Project("{FAE04EC0-301F-11D3-BF4B-00C04F79EFBC}") = "05ShoppingSpree", "05ShoppingSpree\05ShoppingSpree.csproj", "{CA6F9A1C-99DF-4960-A004-3300C8B0ED1C}"
EndProject
Global
	GlobalSection(SolutionConfigurationPlatforms) = preSolution
		Debug|Any CPU = Debug|Any CPU
		Release|Any CPU = Release|Any CPU
	EndGlobalSection
	GlobalSection(ProjectConfigurationPlatforms) = postSolution
		{24C5DA77-DBAB-4579-B51F-6677CE6E85EB}.Debug|Any CPU.ActiveCfg = Debug|Any CPU
		{24C5DA77-DBAB-4579-B51F-6677CE6E85EB}.Debug|Any CPU.Build.0 = Debug|Any CPU
		{24C5DA77-DBAB-4579-B51F-6677CE6E85EB}.Release|Any CPU.ActiveCfg = Release|Any CPU
		{24C5DA77-DBAB-4579-B51F-6677CE6E85EB}.Release|Any CPU.Build.0 = Release|Any CPU
		{A229DBB0-B6ED-46BA-A657-8C5AFFDDFAC8}.Debug|Any CPU.ActiveCfg = Debug|Any CPU
		{A229DBB0-B6ED-46BA-A657-8C5AFFDDFAC8}.Debug|Any CPU.Build.0 = Debug|Any CPU
		{A229DBB0-B6ED-46BA-A657-8C5AFFDDFAC8}.Release|Any CPU.ActiveCfg = Release|Any CPU
		{A229DBB0-B6ED-46BA-A657-8C5AFFDDFAC8}.Release|Any CPU.Build.0 = Release|Any CPU
		{2B67FEF6-EA6E-408C-8A59-8FD8A2EEA610}.Debug|Any CPU.ActiveCfg = Debug|Any CPU
		{2B67FEF6-EA6E-408C-8A59-8FD8A2EEA610}.Debug|Any CPU.Build.0 = Debug|Any CPU
		{2B67FEF6-EA6E-408C-8A59-8FD8A2EEA610}.Release|Any CPU.ActiveCfg = Release|Any CPU
		{2B67FEF6-EA6E-408C-8A59-8FD8A2EEA610}.Release|Any CPU.Build.0 = Release|Any CPU
		{EE35B603-BEDA-4A26-AE38-7A908731296D}.Debug|Any CPU.ActiveCfg = Debug|Any CPU
		{EE35B603-BEDA-4A26-AE38-7A908731296D}.Debug|Any CPU.Build.0 = Debug|Any CPU
		{EE35B603-BEDA-4A26-AE38-7A908731296D}.Release|Any CPU.ActiveCfg = Release|Any CPU
		{EE35B603-BEDA-4A26-AE38-7A908731296D}.Release|Any CPU.Build.0 = Release|Any CPU
		{CA6F9A1C-99DF-4960-A004-3300C8B0ED1C}.Debug|Any CPU.ActiveCfg = Debug|Any CPU
		{CA6F9A1C-99DF-4960-A004-3300C8B0ED1C}.Debug|Any CPU.Build.0 = Debug|Any CPU
		{CA6F9A1C-99DF-4960-A004-3300C8B0ED1C}.Release|Any CPU.ActiveCfg = Release|Any CPU
		{CA6F9A1C-99DF-4960-A004-3300C8B0ED1C}.Release|Any CPU.Build.0 = Release|Any CPU
	EndGlobalSection
	GlobalSection(SolutionProperties) = preSolution
		HideSolutionNode = FALSE
	EndGlobalSection
	GlobalSection(ExtensibilityGlobals) = postSolution
		SolutionGuid = {44E3790B-D8CC-4204-8EA0-B5B8AAC2D9D1}
	EndGlobalSection
EndGlobal
