
Microsoft Visual Studio Solution File, Format Version 12.00
# Visual Studio Version 17
VisualStudioVersion = 17.6.33815.320
MinimumVisualStudioVersion = 10.0.40219.1
Project("{FAE04EC0-301F-11D3-BF4B-00C04F79EFBC}") = "01ActivationKeys", "01ActivationKeys\01ActivationKeys.csproj", "{8EE81DCD-29F2-4C61-BEC7-7B88EDB253D3}"
EndProject
Project("{FAE04EC0-301F-11D3-BF4B-00C04F79EFBC}") = "02EmojiDetector", "02EmojiDetector\02EmojiDetector.csproj", "{A540D9AD-2D32-41B7-A7AC-83F047452DA9}"
EndProject
Project("{FAE04EC0-301F-11D3-BF4B-00C04F79EFBC}") = "03P!rates", "03P!rates\03P!rates.csproj", "{923EF289-870D-48FC-A48E-D5E8E5A0F4DE}"
EndProject
Global
	GlobalSection(SolutionConfigurationPlatforms) = preSolution
		Debug|Any CPU = Debug|Any CPU
		Release|Any CPU = Release|Any CPU
	EndGlobalSection
	GlobalSection(ProjectConfigurationPlatforms) = postSolution
		{8EE81DCD-29F2-4C61-BEC7-7B88EDB253D3}.Debug|Any CPU.ActiveCfg = Debug|Any CPU
		{8EE81DCD-29F2-4C61-BEC7-7B88EDB253D3}.Debug|Any CPU.Build.0 = Debug|Any CPU
		{8EE81DCD-29F2-4C61-BEC7-7B88EDB253D3}.Release|Any CPU.ActiveCfg = Release|Any CPU
		{8EE81DCD-29F2-4C61-BEC7-7B88EDB253D3}.Release|Any CPU.Build.0 = Release|Any CPU
		{A540D9AD-2D32-41B7-A7AC-83F047452DA9}.Debug|Any CPU.ActiveCfg = Debug|Any CPU
		{A540D9AD-2D32-41B7-A7AC-83F047452DA9}.Debug|Any CPU.Build.0 = Debug|Any CPU
		{A540D9AD-2D32-41B7-A7AC-83F047452DA9}.Release|Any CPU.ActiveCfg = Release|Any CPU
		{A540D9AD-2D32-41B7-A7AC-83F047452DA9}.Release|Any CPU.Build.0 = Release|Any CPU
		{923EF289-870D-48FC-A48E-D5E8E5A0F4DE}.Debug|Any CPU.ActiveCfg = Debug|Any CPU
		{923EF289-870D-48FC-A48E-D5E8E5A0F4DE}.Debug|Any CPU.Build.0 = Debug|Any CPU
		{923EF289-870D-48FC-A48E-D5E8E5A0F4DE}.Release|Any CPU.ActiveCfg = Release|Any CPU
		{923EF289-870D-48FC-A48E-D5E8E5A0F4DE}.Release|Any CPU.Build.0 = Release|Any CPU
	EndGlobalSection
	GlobalSection(SolutionProperties) = preSolution
		HideSolutionNode = FALSE
	EndGlobalSection
	GlobalSection(ExtensibilityGlobals) = postSolution
		SolutionGuid = {910167D1-BCCC-467B-8F8C-4E98E8F1C8A4}
	EndGlobalSection
EndGlobal
