
Microsoft Visual Studio Solution File, Format Version 12.00
# Visual Studio Version 17
VisualStudioVersion = 17.8.34330.188
MinimumVisualStudioVersion = 10.0.40219.1
Project("{9A19103F-16F7-4668-BE54-9A1E7A4F7556}") = "01FlowerWreaths", "01FlowerWreaths\01FlowerWreaths.csproj", "{A81B7C26-BA6C-4CA2-8F40-1562B5EA3AA4}"
EndProject
Project("{9A19103F-16F7-4668-BE54-9A1E7A4F7556}") = "02Bee", "02Bee\02Bee.csproj", "{315F5AD3-469E-4686-829E-3A8157B36F08}"
EndProject
Project("{9A19103F-16F7-4668-BE54-9A1E7A4F7556}") = "03VetClinic", "03VetClinic\03VetClinic.csproj", "{2F3A7AF6-A7E9-4220-92CE-E71DE3D18B0E}"
EndProject
Global
	GlobalSection(SolutionConfigurationPlatforms) = preSolution
		Debug|Any CPU = Debug|Any CPU
		Release|Any CPU = Release|Any CPU
	EndGlobalSection
	GlobalSection(ProjectConfigurationPlatforms) = postSolution
		{A81B7C26-BA6C-4CA2-8F40-1562B5EA3AA4}.Debug|Any CPU.ActiveCfg = Debug|Any CPU
		{A81B7C26-BA6C-4CA2-8F40-1562B5EA3AA4}.Debug|Any CPU.Build.0 = Debug|Any CPU
		{A81B7C26-BA6C-4CA2-8F40-1562B5EA3AA4}.Release|Any CPU.ActiveCfg = Release|Any CPU
		{A81B7C26-BA6C-4CA2-8F40-1562B5EA3AA4}.Release|Any CPU.Build.0 = Release|Any CPU
		{315F5AD3-469E-4686-829E-3A8157B36F08}.Debug|Any CPU.ActiveCfg = Debug|Any CPU
		{315F5AD3-469E-4686-829E-3A8157B36F08}.Debug|Any CPU.Build.0 = Debug|Any CPU
		{315F5AD3-469E-4686-829E-3A8157B36F08}.Release|Any CPU.ActiveCfg = Release|Any CPU
		{315F5AD3-469E-4686-829E-3A8157B36F08}.Release|Any CPU.Build.0 = Release|Any CPU
		{2F3A7AF6-A7E9-4220-92CE-E71DE3D18B0E}.Debug|Any CPU.ActiveCfg = Debug|Any CPU
		{2F3A7AF6-A7E9-4220-92CE-E71DE3D18B0E}.Debug|Any CPU.Build.0 = Debug|Any CPU
		{2F3A7AF6-A7E9-4220-92CE-E71DE3D18B0E}.Release|Any CPU.ActiveCfg = Release|Any CPU
		{2F3A7AF6-A7E9-4220-92CE-E71DE3D18B0E}.Release|Any CPU.Build.0 = Release|Any CPU
	EndGlobalSection
	GlobalSection(SolutionProperties) = preSolution
		HideSolutionNode = FALSE
	EndGlobalSection
	GlobalSection(ExtensibilityGlobals) = postSolution
		SolutionGuid = {2C938F09-7D28-4195-B2AC-F1BCFC473BA9}
	EndGlobalSection
EndGlobal
