
Microsoft Visual Studio Solution File, Format Version 12.00
# Visual Studio Version 17
VisualStudioVersion = 17.8.34330.188
MinimumVisualStudioVersion = 10.0.40219.1
Project("{FAE04EC0-301F-11D3-BF4B-00C04F79EFBC}") = "01Cooking", "01Cooking\01Cooking.csproj", "{50257A5F-40E9-40CB-BD39-CA9366920867}"
EndProject
Project("{FAE04EC0-301F-11D3-BF4B-00C04F79EFBC}") = "02Selling", "02Selling\02Selling.csproj", "{D24B896D-6058-47E7-8385-802FDE6CF1EA}"
EndProject
Project("{FAE04EC0-301F-11D3-BF4B-00C04F79EFBC}") = "03Openning", "03Openning\03Openning.csproj", "{18F8A179-BB4B-4F31-9B9D-4B0A3765D14F}"
EndProject
Global
	GlobalSection(SolutionConfigurationPlatforms) = preSolution
		Debug|Any CPU = Debug|Any CPU
		Release|Any CPU = Release|Any CPU
	EndGlobalSection
	GlobalSection(ProjectConfigurationPlatforms) = postSolution
		{50257A5F-40E9-40CB-BD39-CA9366920867}.Debug|Any CPU.ActiveCfg = Debug|Any CPU
		{50257A5F-40E9-40CB-BD39-CA9366920867}.Debug|Any CPU.Build.0 = Debug|Any CPU
		{50257A5F-40E9-40CB-BD39-CA9366920867}.Release|Any CPU.ActiveCfg = Release|Any CPU
		{50257A5F-40E9-40CB-BD39-CA9366920867}.Release|Any CPU.Build.0 = Release|Any CPU
		{D24B896D-6058-47E7-8385-802FDE6CF1EA}.Debug|Any CPU.ActiveCfg = Debug|Any CPU
		{D24B896D-6058-47E7-8385-802FDE6CF1EA}.Debug|Any CPU.Build.0 = Debug|Any CPU
		{D24B896D-6058-47E7-8385-802FDE6CF1EA}.Release|Any CPU.ActiveCfg = Release|Any CPU
		{D24B896D-6058-47E7-8385-802FDE6CF1EA}.Release|Any CPU.Build.0 = Release|Any CPU
		{18F8A179-BB4B-4F31-9B9D-4B0A3765D14F}.Debug|Any CPU.ActiveCfg = Debug|Any CPU
		{18F8A179-BB4B-4F31-9B9D-4B0A3765D14F}.Debug|Any CPU.Build.0 = Debug|Any CPU
		{18F8A179-BB4B-4F31-9B9D-4B0A3765D14F}.Release|Any CPU.ActiveCfg = Release|Any CPU
		{18F8A179-BB4B-4F31-9B9D-4B0A3765D14F}.Release|Any CPU.Build.0 = Release|Any CPU
	EndGlobalSection
	GlobalSection(SolutionProperties) = preSolution
		HideSolutionNode = FALSE
	EndGlobalSection
	GlobalSection(ExtensibilityGlobals) = postSolution
		SolutionGuid = {78D8B0F4-4F79-4621-A1D3-5600A596409B}
	EndGlobalSection
EndGlobal
