
Microsoft Visual Studio Solution File, Format Version 12.00
# Visual Studio Version 17
VisualStudioVersion = 17.6.33815.320
MinimumVisualStudioVersion = 10.0.40219.1
Project("{FAE04EC0-301F-11D3-BF4B-00C04F79EFBC}") = "01ImplementingStack", "01ImplementingStack\01ImplementingStack.csproj", "{E968F5CE-491E-4773-B870-5D618C18D822}"
EndProject
Project("{FAE04EC0-301F-11D3-BF4B-00C04F79EFBC}") = "02ImplementingQueue", "02ImplementingQueue\02ImplementingQueue.csproj", "{92C698E9-04F3-477C-B386-49FB95498C6A}"
EndProject
Project("{FAE04EC0-301F-11D3-BF4B-00C04F79EFBC}") = "03ImplementingList", "03ImplementingList\03ImplementingList.csproj", "{26C45B10-52FD-4697-8800-484BB4A532CC}"
EndProject
Global
	GlobalSection(SolutionConfigurationPlatforms) = preSolution
		Debug|Any CPU = Debug|Any CPU
		Release|Any CPU = Release|Any CPU
	EndGlobalSection
	GlobalSection(ProjectConfigurationPlatforms) = postSolution
		{E968F5CE-491E-4773-B870-5D618C18D822}.Debug|Any CPU.ActiveCfg = Debug|Any CPU
		{E968F5CE-491E-4773-B870-5D618C18D822}.Debug|Any CPU.Build.0 = Debug|Any CPU
		{E968F5CE-491E-4773-B870-5D618C18D822}.Release|Any CPU.ActiveCfg = Release|Any CPU
		{E968F5CE-491E-4773-B870-5D618C18D822}.Release|Any CPU.Build.0 = Release|Any CPU
		{92C698E9-04F3-477C-B386-49FB95498C6A}.Debug|Any CPU.ActiveCfg = Debug|Any CPU
		{92C698E9-04F3-477C-B386-49FB95498C6A}.Debug|Any CPU.Build.0 = Debug|Any CPU
		{92C698E9-04F3-477C-B386-49FB95498C6A}.Release|Any CPU.ActiveCfg = Release|Any CPU
		{92C698E9-04F3-477C-B386-49FB95498C6A}.Release|Any CPU.Build.0 = Release|Any CPU
		{26C45B10-52FD-4697-8800-484BB4A532CC}.Debug|Any CPU.ActiveCfg = Debug|Any CPU
		{26C45B10-52FD-4697-8800-484BB4A532CC}.Debug|Any CPU.Build.0 = Debug|Any CPU
		{26C45B10-52FD-4697-8800-484BB4A532CC}.Release|Any CPU.ActiveCfg = Release|Any CPU
		{26C45B10-52FD-4697-8800-484BB4A532CC}.Release|Any CPU.Build.0 = Release|Any CPU
	EndGlobalSection
	GlobalSection(SolutionProperties) = preSolution
		HideSolutionNode = FALSE
	EndGlobalSection
	GlobalSection(ExtensibilityGlobals) = postSolution
		SolutionGuid = {3BA66414-4225-44B9-AD13-F2513CECBDE5}
	EndGlobalSection
EndGlobal
